
Microsoft Visual Studio Solution File, Format Version 12.00
# Visual Studio Version 17
VisualStudioVersion = 17.0.31903.59
MinimumVisualStudioVersion = 10.0.40219.1
Project("{2150E333-8FDC-42A3-9474-1A3956D46DE8}") = "src", "src", "{827E0CD3-B72D-47B6-A68D-7590B98EB39B}"
EndProject
Project("{FAE04EC0-301F-11D3-BF4B-00C04F79EFBC}") = "AutoPartShop.Domain", "src\AutoPartShop.Domain\AutoPartShop.Domain.csproj", "{43C86421-6A4E-4D9F-BFE2-50C49033A04D}"
EndProject
Project("{FAE04EC0-301F-11D3-BF4B-00C04F79EFBC}") = "AutoPartShop.Infrastructure", "src\AutoPartShop.Infrastructure\AutoPartShop.Infrastructure.csproj", "{7E12FD80-2B42-46C1-81DC-80456D07ED8B}"
EndProject
Project("{FAE04EC0-301F-11D3-BF4B-00C04F79EFBC}") = "AutoPartShop.Api", "src\AutoPartShop.Api\AutoPartShop.Api.csproj", "{314F4647-83D5-4878-B59C-CF0E25206892}"
EndProject
Project("{FAE04EC0-301F-11D3-BF4B-00C04F79EFBC}") = "AutoPartShop.Application", "src\AutoPartShop.Application\AutoPartShop.Application.csproj", "{EE373EC3-DCDC-C261-9013-E36DA752F356}"
EndProject
Project("{FAE04EC0-301F-11D3-BF4B-00C04F79EFBC}") = "AutoPartShop.Api.Tests", "src\AutoPartShop.Api.Tests\AutoPartShop.Api.Tests.csproj", "{CFCDD3DA-4A9A-4ED9-BD14-1E820F3A84E4}"
EndProject
Global
	GlobalSection(SolutionConfigurationPlatforms) = preSolution
		Debug|Any CPU = Debug|Any CPU
		Debug|x64 = Debug|x64
		Debug|x86 = Debug|x86
		Release|Any CPU = Release|Any CPU
		Release|x64 = Release|x64
		Release|x86 = Release|x86
	EndGlobalSection
	GlobalSection(ProjectConfigurationPlatforms) = postSolution
		{43C86421-6A4E-4D9F-BFE2-50C49033A04D}.Debug|Any CPU.ActiveCfg = Debug|Any CPU
		{43C86421-6A4E-4D9F-BFE2-50C49033A04D}.Debug|Any CPU.Build.0 = Debug|Any CPU
		{43C86421-6A4E-4D9F-BFE2-50C49033A04D}.Debug|x64.ActiveCfg = Debug|Any CPU
		{43C86421-6A4E-4D9F-BFE2-50C49033A04D}.Debug|x64.Build.0 = Debug|Any CPU
		{43C86421-6A4E-4D9F-BFE2-50C49033A04D}.Debug|x86.ActiveCfg = Debug|Any CPU
		{43C86421-6A4E-4D9F-BFE2-50C49033A04D}.Debug|x86.Build.0 = Debug|Any CPU
		{43C86421-6A4E-4D9F-BFE2-50C49033A04D}.Release|Any CPU.ActiveCfg = Release|Any CPU
		{43C86421-6A4E-4D9F-BFE2-50C49033A04D}.Release|Any CPU.Build.0 = Release|Any CPU
		{43C86421-6A4E-4D9F-BFE2-50C49033A04D}.Release|x64.ActiveCfg = Release|Any CPU
		{43C86421-6A4E-4D9F-BFE2-50C49033A04D}.Release|x64.Build.0 = Release|Any CPU
		{43C86421-6A4E-4D9F-BFE2-50C49033A04D}.Release|x86.ActiveCfg = Release|Any CPU
		{43C86421-6A4E-4D9F-BFE2-50C49033A04D}.Release|x86.Build.0 = Release|Any CPU
		{7E12FD80-2B42-46C1-81DC-80456D07ED8B}.Debug|Any CPU.ActiveCfg = Debug|Any CPU
		{7E12FD80-2B42-46C1-81DC-80456D07ED8B}.Debug|Any CPU.Build.0 = Debug|Any CPU
		{7E12FD80-2B42-46C1-81DC-80456D07ED8B}.Debug|x64.ActiveCfg = Debug|Any CPU
		{7E12FD80-2B42-46C1-81DC-80456D07ED8B}.Debug|x64.Build.0 = Debug|Any CPU
		{7E12FD80-2B42-46C1-81DC-80456D07ED8B}.Debug|x86.ActiveCfg = Debug|Any CPU
		{7E12FD80-2B42-46C1-81DC-80456D07ED8B}.Debug|x86.Build.0 = Debug|Any CPU
		{7E12FD80-2B42-46C1-81DC-80456D07ED8B}.Release|Any CPU.ActiveCfg = Release|Any CPU
		{7E12FD80-2B42-46C1-81DC-80456D07ED8B}.Release|Any CPU.Build.0 = Release|Any CPU
		{7E12FD80-2B42-46C1-81DC-80456D07ED8B}.Release|x64.ActiveCfg = Release|Any CPU
		{7E12FD80-2B42-46C1-81DC-80456D07ED8B}.Release|x64.Build.0 = Release|Any CPU
		{7E12FD80-2B42-46C1-81DC-80456D07ED8B}.Release|x86.ActiveCfg = Release|Any CPU
		{7E12FD80-2B42-46C1-81DC-80456D07ED8B}.Release|x86.Build.0 = Release|Any CPU
		{314F4647-83D5-4878-B59C-CF0E25206892}.Debug|Any CPU.ActiveCfg = Debug|Any CPU
		{314F4647-83D5-4878-B59C-CF0E25206892}.Debug|Any CPU.Build.0 = Debug|Any CPU
		{314F4647-83D5-4878-B59C-CF0E25206892}.Debug|x64.ActiveCfg = Debug|Any CPU
		{314F4647-83D5-4878-B59C-CF0E25206892}.Debug|x64.Build.0 = Debug|Any CPU
		{314F4647-83D5-4878-B59C-CF0E25206892}.Debug|x86.ActiveCfg = Debug|Any CPU
		{314F4647-83D5-4878-B59C-CF0E25206892}.Debug|x86.Build.0 = Debug|Any CPU
		{314F4647-83D5-4878-B59C-CF0E25206892}.Release|Any CPU.ActiveCfg = Release|Any CPU
		{314F4647-83D5-4878-B59C-CF0E25206892}.Release|Any CPU.Build.0 = Release|Any CPU
		{314F4647-83D5-4878-B59C-CF0E25206892}.Release|x64.ActiveCfg = Release|Any CPU
		{314F4647-83D5-4878-B59C-CF0E25206892}.Release|x64.Build.0 = Release|Any CPU
		{314F4647-83D5-4878-B59C-CF0E25206892}.Release|x86.ActiveCfg = Release|Any CPU
		{314F4647-83D5-4878-B59C-CF0E25206892}.Release|x86.Build.0 = Release|Any CPU
		{EE373EC3-DCDC-C261-9013-E36DA752F356}.Debug|Any CPU.ActiveCfg = Debug|Any CPU
		{EE373EC3-DCDC-C261-9013-E36DA752F356}.Debug|Any CPU.Build.0 = Debug|Any CPU
		{EE373EC3-DCDC-C261-9013-E36DA752F356}.Debug|x64.ActiveCfg = Debug|Any CPU
		{EE373EC3-DCDC-C261-9013-E36DA752F356}.Debug|x64.Build.0 = Debug|Any CPU
		{EE373EC3-DCDC-C261-9013-E36DA752F356}.Debug|x86.ActiveCfg = Debug|Any CPU
		{EE373EC3-DCDC-C261-9013-E36DA752F356}.Debug|x86.Build.0 = Debug|Any CPU
		{EE373EC3-DCDC-C261-9013-E36DA752F356}.Release|Any CPU.ActiveCfg = Release|Any CPU
		{EE373EC3-DCDC-C261-9013-E36DA752F356}.Release|Any CPU.Build.0 = Release|Any CPU
		{EE373EC3-DCDC-C261-9013-E36DA752F356}.Release|x64.ActiveCfg = Release|Any CPU
		{EE373EC3-DCDC-C261-9013-E36DA752F356}.Release|x64.Build.0 = Release|Any CPU
		{EE373EC3-DCDC-C261-9013-E36DA752F356}.Release|x86.ActiveCfg = Release|Any CPU
		{EE373EC3-DCDC-C261-9013-E36DA752F356}.Release|x86.Build.0 = Release|Any CPU
		{CFCDD3DA-4A9A-4ED9-BD14-1E820F3A84E4}.Debug|Any CPU.ActiveCfg = Debug|Any CPU
		{CFCDD3DA-4A9A-4ED9-BD14-1E820F3A84E4}.Debug|Any CPU.Build.0 = Debug|Any CPU
		{CFCDD3DA-4A9A-4ED9-BD14-1E820F3A84E4}.Debug|x64.ActiveCfg = Debug|Any CPU
		{CFCDD3DA-4A9A-4ED9-BD14-1E820F3A84E4}.Debug|x64.Build.0 = Debug|Any CPU
		{CFCDD3DA-4A9A-4ED9-BD14-1E820F3A84E4}.Debug|x86.ActiveCfg = Debug|Any CPU
		{CFCDD3DA-4A9A-4ED9-BD14-1E820F3A84E4}.Debug|x86.Build.0 = Debug|Any CPU
		{CFCDD3DA-4A9A-4ED9-BD14-1E820F3A84E4}.Release|Any CPU.ActiveCfg = Release|Any CPU
		{CFCDD3DA-4A9A-4ED9-BD14-1E820F3A84E4}.Release|Any CPU.Build.0 = Release|Any CPU
		{CFCDD3DA-4A9A-4ED9-BD14-1E820F3A84E4}.Release|x64.ActiveCfg = Release|Any CPU
		{CFCDD3DA-4A9A-4ED9-BD14-1E820F3A84E4}.Release|x64.Build.0 = Release|Any CPU
		{CFCDD3DA-4A9A-4ED9-BD14-1E820F3A84E4}.Release|x86.ActiveCfg = Release|Any CPU
		{CFCDD3DA-4A9A-4ED9-BD14-1E820F3A84E4}.Release|x86.Build.0 = Release|Any CPU
	EndGlobalSection
	GlobalSection(SolutionProperties) = preSolution
		HideSolutionNode = FALSE
	EndGlobalSection
	GlobalSection(NestedProjects) = preSolution
		{43C86421-6A4E-4D9F-BFE2-50C49033A04D} = {827E0CD3-B72D-47B6-A68D-7590B98EB39B}
		{7E12FD80-2B42-46C1-81DC-80456D07ED8B} = {827E0CD3-B72D-47B6-A68D-7590B98EB39B}
		{314F4647-83D5-4878-B59C-CF0E25206892} = {827E0CD3-B72D-47B6-A68D-7590B98EB39B}
		{EE373EC3-DCDC-C261-9013-E36DA752F356} = {827E0CD3-B72D-47B6-A68D-7590B98EB39B}
		{CFCDD3DA-4A9A-4ED9-BD14-1E820F3A84E4} = {827E0CD3-B72D-47B6-A68D-7590B98EB39B}
	EndGlobalSection
	GlobalSection(ExtensibilityGlobals) = postSolution
		SolutionGuid = {7A69F750-22EB-4BB6-8F05-92DFB4C00C53}
	EndGlobalSection
EndGlobal
